PODS:
  - Flutter (1.0.0)
  - geocoding (1.0.5):
    - Flutter
  - geolocator_apple (1.2.0):
    - Flutter
  - Mapbox-iOS-SDK (6.4.1):
    - MapboxMobileEvents (~> 0.10.12)
  - mapbox_gl (0.0.1):
    - Flutter
    - Mapbox-iOS-SDK (~> 6.4.0)
    - MapboxAnnotationExtension (~> 0.0.1-beta.1)
  - MapboxAnnotationExtension (0.0.1-beta.2):
    - Mapbox-iOS-SDK (~> 6.0)
  - MapboxMobileEvents (0.10.14)
  - path_provider_ios (0.0.1):
    - Flutter
  - shared_preferences_ios (0.0.1):
    - Flutter

DEPENDENCIES:
  - Flutter (from `Flutter`)
  - geocoding (from `.symlinks/plugins/geocoding/ios`)
  - geolocator_apple (from `.symlinks/plugins/geolocator_apple/ios`)
  - mapbox_gl (from `.symlinks/plugins/mapbox_gl/ios`)
  - path_provider_ios (from `.symlinks/plugins/path_provider_ios/ios`)
  - shared_preferences_ios (from `.symlinks/plugins/shared_preferences_ios/ios`)

SPEC REPOS:
  trunk:
    - Mapbox-iOS-SDK
    - MapboxAnnotationExtension
    - MapboxMobileEvents

EXTERNAL SOURCES:
  Flutter:
    :path: Flutter
  geocoding:
    :path: ".symlinks/plugins/geocoding/ios"
  geolocator_apple:
    :path: ".symlinks/plugins/geolocator_apple/ios"
  mapbox_gl:
    :path: ".symlinks/plugins/mapbox_gl/ios"
  path_provider_ios:
    :path: ".symlinks/plugins/path_provider_ios/ios"
  shared_preferences_ios:
    :path: ".symlinks/plugins/shared_preferences_ios/ios"

SPEC CHECKSUMS:
  Flutter: 50d75fe2f02b26cc09d224853bb45737f8b3214a
  geocoding: 32cfcdb16d38d907caaba65e2e42ad10d38bee58
  geolocator_apple: cc556e6844d508c95df1e87e3ea6fa4e58c50401
  Mapbox-iOS-SDK: f870f83cbdc7aa4a74afcee143aafb0dae390c82
  mapbox_gl: 33c5ab6306cbfa72289bb3606d2cd2e8baee9ff0
  MapboxAnnotationExtension: 4eee6c26349ef6d909f1a23a7eae2d0f7ca5fa7d
  MapboxMobileEvents: 5a172cc9bbf8ac0e45ba86095cbee685ede248cc
  path_provider_ios: 14f3d2fd28c4fdb42f44e0f751d12861c43cee02
  shared_preferences_ios: 548a61f8053b9b8a49ac19c1ffbc8b92c50d68ad

PODFILE CHECKSUM: 26a3cf54fb646724f2668ce6c8b58b67b4fc9b4b

COCOAPODS: 1.11.3
